
Microsoft Visual Studio Solution File, Format Version 12.00
# Visual Studio Version 17
VisualStudioVersion = 17.9.34728.123
MinimumVisualStudioVersion = 10.0.40219.1
Project("{FAE04EC0-301F-11D3-BF4B-00C04F79EFBC}") = "MAUIFoodInformation", "MAUIFoodInformation.csproj", "{DAF48F15-6116-4760-B4DF-017AEA660D75}"
EndProject
Global
	GlobalSection(SolutionConfigurationPlatforms) = preSolution
		Debug|Any CPU = Debug|Any CPU
		Release|Any CPU = Release|Any CPU
	EndGlobalSection
	GlobalSection(ProjectConfigurationPlatforms) = postSolution
		{DAF48F15-6116-4760-B4DF-017AEA660D75}.Debug|Any CPU.ActiveCfg = Debug|Any CPU
		{DAF48F15-6116-4760-B4DF-017AEA660D75}.Debug|Any CPU.Build.0 = Debug|Any CPU
		{DAF48F15-6116-4760-B4DF-017AEA660D75}.Debug|Any CPU.Deploy.0 = Debug|Any CPU
		{DAF48F15-6116-4760-B4DF-017AEA660D75}.Release|Any CPU.ActiveCfg = Release|Any CPU
		{DAF48F15-6116-4760-B4DF-017AEA660D75}.Release|Any CPU.Build.0 = Release|Any CPU
		{DAF48F15-6116-4760-B4DF-017AEA660D75}.Release|Any CPU.Deploy.0 = Release|Any CPU
	EndGlobalSection
	GlobalSection(SolutionProperties) = preSolution
		HideSolutionNode = FALSE
	EndGlobalSection
	GlobalSection(ExtensibilityGlobals) = postSolution
		SolutionGuid = {837B75DF-BD29-4B7B-94D2-C40C87DE91E5}
	EndGlobalSection
EndGlobal
